
Microsoft Visual Studio Solution File, Format Version 12.00
# Visual Studio Version 17
VisualStudioVersion = 17.3.32811.315
MinimumVisualStudioVersion = 10.0.40219.1
Project("{9A19103F-16F7-4668-BE54-9A1E7A4F7556}") = "PhoneDirectory.Server", "PhoneDirectory\Server\PhoneDirectory.Server.csproj", "{31091AFC-8406-4D95-882B-271CFF98B72D}"
EndProject
Project("{9A19103F-16F7-4668-BE54-9A1E7A4F7556}") = "PhoneDirectory.Client", "PhoneDirectory\Client\PhoneDirectory.Client.csproj", "{E15A26F2-967F-419A-AAEA-39F480262BB5}"
EndProject
Project("{9A19103F-16F7-4668-BE54-9A1E7A4F7556}") = "PhoneDirectory.Shared", "PhoneDirectory\Shared\PhoneDirectory.Shared.csproj", "{26D59E5F-13FA-43DF-A7DD-63FF7D5CF39F}"
EndProject
Global
	GlobalSection(SolutionConfigurationPlatforms) = preSolution
		Debug|Any CPU = Debug|Any CPU
		Release|Any CPU = Release|Any CPU
	EndGlobalSection
	GlobalSection(ProjectConfigurationPlatforms) = postSolution
		{31091AFC-8406-4D95-882B-271CFF98B72D}.Debug|Any CPU.ActiveCfg = Debug|Any CPU
		{31091AFC-8406-4D95-882B-271CFF98B72D}.Debug|Any CPU.Build.0 = Debug|Any CPU
		{31091AFC-8406-4D95-882B-271CFF98B72D}.Release|Any CPU.ActiveCfg = Release|Any CPU
		{31091AFC-8406-4D95-882B-271CFF98B72D}.Release|Any CPU.Build.0 = Release|Any CPU
		{E15A26F2-967F-419A-AAEA-39F480262BB5}.Debug|Any CPU.ActiveCfg = Debug|Any CPU
		{E15A26F2-967F-419A-AAEA-39F480262BB5}.Debug|Any CPU.Build.0 = Debug|Any CPU
		{E15A26F2-967F-419A-AAEA-39F480262BB5}.Release|Any CPU.ActiveCfg = Release|Any CPU
		{E15A26F2-967F-419A-AAEA-39F480262BB5}.Release|Any CPU.Build.0 = Release|Any CPU
		{26D59E5F-13FA-43DF-A7DD-63FF7D5CF39F}.Debug|Any CPU.ActiveCfg = Debug|Any CPU
		{26D59E5F-13FA-43DF-A7DD-63FF7D5CF39F}.Debug|Any CPU.Build.0 = Debug|Any CPU
		{26D59E5F-13FA-43DF-A7DD-63FF7D5CF39F}.Release|Any CPU.ActiveCfg = Release|Any CPU
		{26D59E5F-13FA-43DF-A7DD-63FF7D5CF39F}.Release|Any CPU.Build.0 = Release|Any CPU
	EndGlobalSection
	GlobalSection(SolutionProperties) = preSolution
		HideSolutionNode = FALSE
	EndGlobalSection
	GlobalSection(ExtensibilityGlobals) = postSolution
		SolutionGuid = {8FCD3397-59FE-40A2-9DF2-6EC563ED521D}
	EndGlobalSection
EndGlobal
